{
  "name": "acshb-common",
  "version": "1.1.0",
  "lockfileVersion": 1,
  "requires": true,
  "dependencies": {
    "@fortawesome/angular-fontawesome": {
      "version": "0.5.0",
      "resolved": "https://registry.npmjs.org/@fortawesome/angular-fontawesome/-/angular-fontawesome-0.5.0.tgz",
      "integrity": "sha512-5IR/jNMddiEpgApcqSMfp7l5kZqOtxQYzkSLW6iZ4MZHbQQ+Kc9tu9qi2hro6VFSk/sPxeYEzkzGZUNrMYiwOg==",
      "requires": {
        "tslib": "^1.9.0"
      },
      "dependencies": {
        "tslib": {
          "version": "1.14.1",
          "resolved": "https://registry.npmjs.org/tslib/-/tslib-1.14.1.tgz",
          "integrity": "sha512-Xni35NKzjgMrwevysHTCArtLDpPvye8zV/0E4EyYn43P7/7qvQwPh9BGkHewbMulVntbigmcT7rdX3BNo9wRJg=="
        }
      }
    },
    "@fortawesome/fontawesome-common-types": {
      "version": "0.2.32",
      "resolved": "https://registry.npmjs.org/@fortawesome/fontawesome-common-types/-/fontawesome-common-types-0.2.32.tgz",
      "integrity": "sha512-ux2EDjKMpcdHBVLi/eWZynnPxs0BtFVXJkgHIxXRl+9ZFaHPvYamAfCzeeQFqHRjuJtX90wVnMRaMQAAlctz3w=="
    },
    "@fortawesome/fontawesome-svg-core": {
      "version": "1.2.32",
      "resolved": "https://registry.npmjs.org/@fortawesome/fontawesome-svg-core/-/fontawesome-svg-core-1.2.32.tgz",
      "integrity": "sha512-XjqyeLCsR/c/usUpdWcOdVtWFVjPbDFBTQkn2fQRrWhhUoxriQohO2RWDxLyUM8XpD+Zzg5xwJ8gqTYGDLeGaQ==",
      "requires": {
        "@fortawesome/fontawesome-common-types": "^0.2.32"
      }
    },
    "@fortawesome/free-solid-svg-icons": {
      "version": "5.15.1",
      "resolved": "https://registry.npmjs.org/@fortawesome/free-solid-svg-icons/-/free-solid-svg-icons-5.15.1.tgz",
      "integrity": "sha512-EFMuKtzRMNbvjab/SvJBaOOpaqJfdSap/Nl6hst7CgrJxwfORR1drdTV6q1Ib/JVzq4xObdTDcT6sqTaXMqfdg==",
      "requires": {
        "@fortawesome/fontawesome-common-types": "^0.2.32"
      }
    },
    "@ng-select/ng-select": {
      "version": "3.7.3",
      "resolved": "https://registry.npmjs.org/@ng-select/ng-select/-/ng-select-3.7.3.tgz",
      "integrity": "sha512-Duw5t0b9Jup/tVEoDHLm+UhGv5RnwQ7pQorCAQc4LZR35oOZFjec8FrEGGtgVAGtwaQAYyd7PSMk3nEsWPg6AQ==",
      "requires": {
        "tslib": "^1.9.0"
      },
      "dependencies": {
        "tslib": {
          "version": "1.14.1",
          "resolved": "https://registry.npmjs.org/tslib/-/tslib-1.14.1.tgz",
          "integrity": "sha512-Xni35NKzjgMrwevysHTCArtLDpPvye8zV/0E4EyYn43P7/7qvQwPh9BGkHewbMulVntbigmcT7rdX3BNo9wRJg=="
        }
      }
    },
    "@types/echarts": {
      "version": "4.9.3",
      "resolved": "https://registry.npmjs.org/@types/echarts/-/echarts-4.9.3.tgz",
      "integrity": "sha512-CbgZUYdLy1G2BhCI6maBwVXmrqIx/D8KwUccMXQ9W2uyXNMjBvpIRXSs+UaBtvUihPV2f0g7LGj/yua1iY0VbQ==",
      "requires": {
        "@types/zrender": "*"
      }
    },
    "@types/zrender": {
      "version": "4.0.0",
      "resolved": "https://registry.npmjs.org/@types/zrender/-/zrender-4.0.0.tgz",
      "integrity": "sha512-s89GOIeKFiod2KSqHkfd2rzx+T2DVu7ihZCBEBnhFrzvQPUmzvDSBot9Fi1DfMQm9Odg+rTqoMGC38RvrwJK2w=="
    },
    "animate.css": {
      "version": "3.7.2",
      "resolved": "https://registry.npmjs.org/animate.css/-/animate.css-3.7.2.tgz",
      "integrity": "sha512-0bE8zYo7C0KvgOYrSVfrzkbYk6IOTVPNqkiHg2cbyF4Pq/PXzilz4BRWA3hwEUBoMp5VBgrC29lQIZyhRWdBTw=="
    },
    "bootstrap": {
      "version": "4.5.3",
      "resolved": "https://registry.npmjs.org/bootstrap/-/bootstrap-4.5.3.tgz",
      "integrity": "sha512-o9ppKQioXGqhw8Z7mah6KdTYpNQY//tipnkxppWhPbiSWdD+1raYsnhwEZjkTHYbGee4cVQ0Rx65EhOY/HNLcQ=="
    },
    "echarts": {
      "version": "4.9.0",
      "resolved": "https://registry.npmjs.org/echarts/-/echarts-4.9.0.tgz",
      "integrity": "sha512-+ugizgtJ+KmsJyyDPxaw2Br5FqzuBnyOWwcxPKO6y0gc5caYcfnEUIlNStx02necw8jmKmTafmpHhGo4XDtEIA==",
      "requires": {
        "zrender": "4.3.2"
      }
    },
    "font-awesome": {
      "version": "4.7.0",
      "resolved": "https://registry.npmjs.org/font-awesome/-/font-awesome-4.7.0.tgz",
      "integrity": "sha1-j6jPBBGhoxr9B7BtKQK7n8gVoTM="
    },
    "ngx-bootstrap": {
      "version": "5.6.2",
      "resolved": "https://registry.npmjs.org/ngx-bootstrap/-/ngx-bootstrap-5.6.2.tgz",
      "integrity": "sha512-6YHXtdXkGH3w0NQoaUgNYAcrj064Lv5RTO284ha/hvpNTrh55yQz2cVh0VvwBk3MjyY2tdmLH4SuCJDszYdYiw=="
    },
    "ngx-echarts": {
      "version": "4.2.2",
      "resolved": "https://registry.npmjs.org/ngx-echarts/-/ngx-echarts-4.2.2.tgz",
      "integrity": "sha512-iLxOFnfKhUYP8Qw22AUY2ugSEd1Uvt6AeYhiaSqpg/G6NDmM/NwpdLt+fGAjax2aY7e94ORuwhXnl2gxtNzt7Q==",
      "requires": {
        "tslib": "^1.9.0"
      },
      "dependencies": {
        "tslib": {
          "version": "1.14.1",
          "resolved": "https://registry.npmjs.org/tslib/-/tslib-1.14.1.tgz",
          "integrity": "sha512-Xni35NKzjgMrwevysHTCArtLDpPvye8zV/0E4EyYn43P7/7qvQwPh9BGkHewbMulVntbigmcT7rdX3BNo9wRJg=="
        }
      }
    },
    "tslib": {
      "version": "2.1.0",
      "resolved": "https://registry.npmjs.org/tslib/-/tslib-2.1.0.tgz",
      "integrity": "sha512-hcVC3wYEziELGGmEEXue7D75zbwIIVUMWAVbHItGPx0ziyXxrOMQx4rQEVEV45Ut/1IotuEvwqPopzIOkDMf0A=="
    },
    "zrender": {
      "version": "4.3.2",
      "resolved": "https://registry.npmjs.org/zrender/-/zrender-4.3.2.tgz",
      "integrity": "sha512-bIusJLS8c4DkIcdiK+s13HiQ/zjQQVgpNohtd8d94Y2DnJqgM1yjh/jpDb8DoL6hd7r8Awagw8e3qK/oLaWr3g=="
    }
  }
}
