{
  "name": "acshb-common",
  "version": "1.1.0",
  "lockfileVersion": 1,
  "requires": true,
  "dependencies": {
    "@angular/forms": {
      "version": "11.0.7",
      "resolved": "https://registry.npmjs.org/@angular/forms/-/forms-11.0.7.tgz",
      "integrity": "sha512-+3A+SciMyHTdUwkKUz4XzC1DSYexQEbFLe0PKQIFSFOROmbssjnWJv7yO2HbzCpGa7oGKPYNlE5twYWyLxpvFg==",
      "requires": {
        "tslib": "^2.0.0"
      }
    },
    "@fortawesome/angular-fontawesome": {
      "version": "0.8.1",
      "resolved": "https://registry.npmjs.org/@fortawesome/angular-fontawesome/-/angular-fontawesome-0.8.1.tgz",
      "integrity": "sha512-dNmtFb/LTYWLNRfkKgCFwxgtQslNZLwUC+u7lkVAcIcjirIG6J9Ff0evl+9zR4DXFAkP0PN4RKe14NVDP3rUWA==",
      "requires": {
        "tslib": "^2.0.3"
      }
    },
    "@fortawesome/fontawesome-common-types": {
      "version": "0.2.32",
      "resolved": "https://registry.npmjs.org/@fortawesome/fontawesome-common-types/-/fontawesome-common-types-0.2.32.tgz",
      "integrity": "sha512-ux2EDjKMpcdHBVLi/eWZynnPxs0BtFVXJkgHIxXRl+9ZFaHPvYamAfCzeeQFqHRjuJtX90wVnMRaMQAAlctz3w=="
    },
    "@fortawesome/fontawesome-svg-core": {
      "version": "1.2.32",
      "resolved": "https://registry.npmjs.org/@fortawesome/fontawesome-svg-core/-/fontawesome-svg-core-1.2.32.tgz",
      "integrity": "sha512-XjqyeLCsR/c/usUpdWcOdVtWFVjPbDFBTQkn2fQRrWhhUoxriQohO2RWDxLyUM8XpD+Zzg5xwJ8gqTYGDLeGaQ==",
      "requires": {
        "@fortawesome/fontawesome-common-types": "^0.2.32"
      }
    },
    "@fortawesome/free-solid-svg-icons": {
      "version": "5.15.1",
      "resolved": "https://registry.npmjs.org/@fortawesome/free-solid-svg-icons/-/free-solid-svg-icons-5.15.1.tgz",
      "integrity": "sha512-EFMuKtzRMNbvjab/SvJBaOOpaqJfdSap/Nl6hst7CgrJxwfORR1drdTV6q1Ib/JVzq4xObdTDcT6sqTaXMqfdg==",
      "requires": {
        "@fortawesome/fontawesome-common-types": "^0.2.32"
      }
    },
    "@fullcalendar/angular": {
      "version": "5.5.0",
      "resolved": "https://registry.npmjs.org/@fullcalendar/angular/-/angular-5.5.0.tgz",
      "integrity": "sha512-e1KZTzMjB4/rcCMKmQl7DzQN4cmBOk34KZ2kdrX7cAq6B4yOUUt3A0PMrohU4JKdlLw/XsQL1O4TrPyOoWfMjw==",
      "requires": {
        "@fullcalendar/core": "~5.5.0",
        "fast-deep-equal": "^3.1.1",
        "tslib": "^2.0.0"
      }
    },
    "@fullcalendar/bootstrap": {
      "version": "5.5.0",
      "resolved": "https://registry.npmjs.org/@fullcalendar/bootstrap/-/bootstrap-5.5.0.tgz",
      "integrity": "sha512-jFU4IW4NsIi9VHtJ+LHTpTOoy7qgWPDGiZjXyp5gBwilYR+MJpEH7vJeIztaYEIpcGt2WDihlCOev9GSjz6hiQ==",
      "requires": {
        "@fullcalendar/common": "~5.5.0",
        "tslib": "^2.0.3"
      }
    },
    "@fullcalendar/common": {
      "version": "5.5.0",
      "resolved": "https://registry.npmjs.org/@fullcalendar/common/-/common-5.5.0.tgz",
      "integrity": "sha512-xHsHRI2xnC4vDPdRaOkt03SGIEsmlcSTI6RVInI2PQKi3n4otgM4ej3WL4B010uT4IzrBlUvNm8HHEo/o3g8Ug==",
      "requires": {
        "ical.js": "^1.4.0",
        "tslib": "^2.0.3"
      }
    },
    "@fullcalendar/core": {
      "version": "5.5.0",
      "resolved": "https://registry.npmjs.org/@fullcalendar/core/-/core-5.5.0.tgz",
      "integrity": "sha512-NHyrH6AP1zRRCWsK0NuY/bZFQes1UaGB2pukMv86A0Yq1BI7Y7m9u/yH7D0/ZCaNkCLVxrSlIwAOtMQxPPITdg==",
      "requires": {
        "@fullcalendar/common": "~5.5.0",
        "preact": "^10.0.5",
        "tslib": "^2.0.3"
      }
    },
    "@fullcalendar/daygrid": {
      "version": "5.5.0",
      "resolved": "https://registry.npmjs.org/@fullcalendar/daygrid/-/daygrid-5.5.0.tgz",
      "integrity": "sha512-O/59C3ihElLsPnkjlD1xUgAf3v7WEARXVO+wZfASKtK14Ccux2MA9mWUA1+80m9q8on7SYL36ORhrea7GKy/qQ==",
      "requires": {
        "@fullcalendar/common": "~5.5.0",
        "tslib": "^2.0.3"
      }
    },
    "@fullcalendar/interaction": {
      "version": "5.5.0",
      "resolved": "https://registry.npmjs.org/@fullcalendar/interaction/-/interaction-5.5.0.tgz",
      "integrity": "sha512-LKc4VeESBkBkrI/sAtV++f4qUleYyt7STBrnuc5Mpojv7jg5x5XZ1rfOarLwRbEYSvbo6CwccDrsaLTbC1Qk2A==",
      "requires": {
        "@fullcalendar/common": "~5.5.0",
        "tslib": "^2.0.3"
      }
    },
    "@ng-select/ng-select": {
      "version": "5.0.15",
      "resolved": "https://registry.npmjs.org/@ng-select/ng-select/-/ng-select-5.0.15.tgz",
      "integrity": "sha512-cPs4QGBjkWVli2Gz5e0STRBSTdiVh2VHw+jwGEqLPRdVTSab4LT3QRoN1PIKOSE8sy2h7IiEcxBGjC48hyRWKg==",
      "requires": {
        "tslib": "^2.0.0"
      }
    },
    "animate.css": {
      "version": "4.1.1",
      "resolved": "https://registry.npmjs.org/animate.css/-/animate.css-4.1.1.tgz",
      "integrity": "sha512-+mRmCTv6SbCmtYJCN4faJMNFVNN5EuCTTprDTAo7YzIGji2KADmakjVA3+8mVDkZ2Bf09vayB35lSQIex2+QaQ=="
    },
    "bootstrap": {
      "version": "4.5.3",
      "resolved": "https://registry.npmjs.org/bootstrap/-/bootstrap-4.5.3.tgz",
      "integrity": "sha512-o9ppKQioXGqhw8Z7mah6KdTYpNQY//tipnkxppWhPbiSWdD+1raYsnhwEZjkTHYbGee4cVQ0Rx65EhOY/HNLcQ=="
    },
    "fast-deep-equal": {
      "version": "3.1.3",
      "resolved": "https://registry.npmjs.org/fast-deep-equal/-/fast-deep-equal-3.1.3.tgz",
      "integrity": "sha512-f3qQ9oQy9j2AhBe/H9VC91wLmKBCCU/gDOnKNAYG5hswO7BLKj09Hc5HYNz9cGI++xlpDCIgDaitVs03ATR84Q=="
    },
    "font-awesome": {
      "version": "4.7.0",
      "resolved": "https://registry.npmjs.org/font-awesome/-/font-awesome-4.7.0.tgz",
      "integrity": "sha1-j6jPBBGhoxr9B7BtKQK7n8gVoTM="
    },
    "ical.js": {
      "version": "1.4.0",
      "resolved": "https://registry.npmjs.org/ical.js/-/ical.js-1.4.0.tgz",
      "integrity": "sha512-ltHZuOFNNjcyEYbzDgjemS7LWIFh2vydJeznxQHUh3dnarbxqOYsWONYteBVAq1MEOHnwXFGN2eskZReHclnrA=="
    },
    "preact": {
      "version": "10.5.9",
      "resolved": "https://registry.npmjs.org/preact/-/preact-10.5.9.tgz",
      "integrity": "sha512-X4m+4VMVINl/JFQKALOCwa3p8vhMAhBvle0hJ/W44w/WWfNb2TA7RNicDV3K2dNVs57f61GviEnVLiwN+fxiIg=="
    },
    "resize-observer-polyfill": {
      "version": "1.5.1",
      "resolved": "https://registry.npmjs.org/resize-observer-polyfill/-/resize-observer-polyfill-1.5.1.tgz",
      "integrity": "sha512-LwZrotdHOo12nQuZlHEmtuXdqGoOD0OhaxopaNFxWzInpEgaLWoVuAMbTzixuosCx2nEG58ngzW3vxdWoxIgdg=="
    },
    "tslib": {
      "version": "2.1.0",
      "resolved": "https://registry.npmjs.org/tslib/-/tslib-2.1.0.tgz",
      "integrity": "sha512-hcVC3wYEziELGGmEEXue7D75zbwIIVUMWAVbHItGPx0ziyXxrOMQx4rQEVEV45Ut/1IotuEvwqPopzIOkDMf0A=="
    }
  }
}
